
Microsoft Visual Studio Solution File, Format Version 12.00
# Visual Studio Version 17
VisualStudioVersion = 17.14.36203.30
MinimumVisualStudioVersion = 10.0.40219.1
Project("{2150E333-8FDC-42A3-9474-1A3956D46DE8}") = "Solution Files", "Solution Files", "{02EA681E-C7D8-13C7-8484-4AC65E1B71E8}"
	ProjectSection(SolutionItems) = preProject
		.editorconfig = .editorconfig
		.gitignore = .gitignore
		LICENSE.txt = LICENSE.txt
		README.md = README.md
	EndProjectSection
EndProject
Project("{FAE04EC0-301F-11D3-BF4B-00C04F79EFBC}") = "NumberTranslator", "NumberTranslator\NumberTranslator.csproj", "{5B2F5992-8EAA-41A0-ADFE-7EE7FA86C3F7}"
EndProject
Project("{FAE04EC0-301F-11D3-BF4B-00C04F79EFBC}") = "NumberTranslator.Console", "NumberTranslator.Console\NumberTranslator.Console.csproj", "{0E3985B2-3535-5392-293F-C4A9FC66FB2F}"
EndProject
Project("{FAE04EC0-301F-11D3-BF4B-00C04F79EFBC}") = "NumberTranslator.Tests", "NumberTranslator.Tests\NumberTranslator.Tests.csproj", "{8747E35A-7090-4C2D-AFC5-AD860B39F233}"
EndProject
Global
	GlobalSection(SolutionConfigurationPlatforms) = preSolution
		Debug|Any CPU = Debug|Any CPU
		Release|Any CPU = Release|Any CPU
	EndGlobalSection
	GlobalSection(ProjectConfigurationPlatforms) = postSolution
		{5B2F5992-8EAA-41A0-ADFE-7EE7FA86C3F7}.Debug|Any CPU.ActiveCfg = Debug|Any CPU
		{5B2F5992-8EAA-41A0-ADFE-7EE7FA86C3F7}.Debug|Any CPU.Build.0 = Debug|Any CPU
		{5B2F5992-8EAA-41A0-ADFE-7EE7FA86C3F7}.Release|Any CPU.ActiveCfg = Release|Any CPU
		{5B2F5992-8EAA-41A0-ADFE-7EE7FA86C3F7}.Release|Any CPU.Build.0 = Release|Any CPU
		{0E3985B2-3535-5392-293F-C4A9FC66FB2F}.Debug|Any CPU.ActiveCfg = Debug|Any CPU
		{0E3985B2-3535-5392-293F-C4A9FC66FB2F}.Debug|Any CPU.Build.0 = Debug|Any CPU
		{0E3985B2-3535-5392-293F-C4A9FC66FB2F}.Release|Any CPU.ActiveCfg = Release|Any CPU
		{0E3985B2-3535-5392-293F-C4A9FC66FB2F}.Release|Any CPU.Build.0 = Release|Any CPU
		{8747E35A-7090-4C2D-AFC5-AD860B39F233}.Debug|Any CPU.ActiveCfg = Debug|Any CPU
		{8747E35A-7090-4C2D-AFC5-AD860B39F233}.Debug|Any CPU.Build.0 = Debug|Any CPU
		{8747E35A-7090-4C2D-AFC5-AD860B39F233}.Release|Any CPU.ActiveCfg = Release|Any CPU
		{8747E35A-7090-4C2D-AFC5-AD860B39F233}.Release|Any CPU.Build.0 = Release|Any CPU
	EndGlobalSection
	GlobalSection(SolutionProperties) = preSolution
		HideSolutionNode = FALSE
	EndGlobalSection
	GlobalSection(ExtensibilityGlobals) = postSolution
		SolutionGuid = {2F2E3561-7A1A-42AF-84F9-2DC9106ACEB3}
	EndGlobalSection
EndGlobal
